
Microsoft Visual Studio Solution File, Format Version 12.00
# Visual Studio Version 17
VisualStudioVersion = 17.13.35931.197 d17.13
MinimumVisualStudioVersion = 10.0.40219.1
Project("{FAE04EC0-301F-11D3-BF4B-00C04F79EFBC}") = "TayNinhTourApi.DataAccessLayer", "TayNinhTourApi.DataAccessLayer\TayNinhTourApi.DataAccessLayer.csproj", "{0C28B866-A8CB-4B4A-8F75-FD2F50637543}"
EndProject
Project("{FAE04EC0-301F-11D3-BF4B-00C04F79EFBC}") = "TayNinhTourApi.BusinessLogicLayer", "TayNinhTourApi.BusinessLogicLayer\TayNinhTourApi.BusinessLogicLayer.csproj", "{536E8268-53EE-470A-B73A-1C2676413100}"
EndProject
Project("{FAE04EC0-301F-11D3-BF4B-00C04F79EFBC}") = "TayNinhTourApi.Controller", "TayNinhTourApi.Controller\TayNinhTourApi.Controller.csproj", "{233F7A16-62BA-4D4B-8E37-6A38A1722E79}"
EndProject
Global
	GlobalSection(SolutionConfigurationPlatforms) = preSolution
		Debug|Any CPU = Debug|Any CPU
		Release|Any CPU = Release|Any CPU
	EndGlobalSection
	GlobalSection(ProjectConfigurationPlatforms) = postSolution
		{0C28B866-A8CB-4B4A-8F75-FD2F50637543}.Debug|Any CPU.ActiveCfg = Debug|Any CPU
		{0C28B866-A8CB-4B4A-8F75-FD2F50637543}.Debug|Any CPU.Build.0 = Debug|Any CPU
		{0C28B866-A8CB-4B4A-8F75-FD2F50637543}.Release|Any CPU.ActiveCfg = Release|Any CPU
		{0C28B866-A8CB-4B4A-8F75-FD2F50637543}.Release|Any CPU.Build.0 = Release|Any CPU
		{536E8268-53EE-470A-B73A-1C2676413100}.Debug|Any CPU.ActiveCfg = Debug|Any CPU
		{536E8268-53EE-470A-B73A-1C2676413100}.Debug|Any CPU.Build.0 = Debug|Any CPU
		{536E8268-53EE-470A-B73A-1C2676413100}.Release|Any CPU.ActiveCfg = Release|Any CPU
		{536E8268-53EE-470A-B73A-1C2676413100}.Release|Any CPU.Build.0 = Release|Any CPU
		{233F7A16-62BA-4D4B-8E37-6A38A1722E79}.Debug|Any CPU.ActiveCfg = Debug|Any CPU
		{233F7A16-62BA-4D4B-8E37-6A38A1722E79}.Debug|Any CPU.Build.0 = Debug|Any CPU
		{233F7A16-62BA-4D4B-8E37-6A38A1722E79}.Release|Any CPU.ActiveCfg = Release|Any CPU
		{233F7A16-62BA-4D4B-8E37-6A38A1722E79}.Release|Any CPU.Build.0 = Release|Any CPU
	EndGlobalSection
	GlobalSection(SolutionProperties) = preSolution
		HideSolutionNode = FALSE
	EndGlobalSection
	GlobalSection(ExtensibilityGlobals) = postSolution
		SolutionGuid = {077C1000-1F5D-46DE-B5AB-1DB87DDFA9B3}
	EndGlobalSection
EndGlobal
